uuid: 4165b180-2689-40bd-a292-e76a8b70c4c0
langcode: en
status: false
dependencies: {  }
_core:
  default_config_hash: 1VFLZYkYmKDpZVURFrivhjV_r4McUT9R5iVK9-OWe3o
active_version: 9eea215a62e33427
versioned_properties:
  active:
    settings:
      default_settings:
        id: page_title_block
        label: 'Page title'
        label_display: '0'
        provider: core
    fallback_metadata:
      slot_definitions: null
label: 'Page title'
id: block.page_title_block
provider: core
source: block
source_local_id: page_title_block
