uuid: 6deae528-3c2e-44d1-8c55-b34ea83429fe
langcode: en
status: true
dependencies:
  module:
    - config_pages
_core:
  default_config_hash: Ltz5U5pBUvufVMN_a3WFAtT9UtYTadSKeOzfrvKLjqQ
active_version: a43fdb86076b4192
versioned_properties:
  active:
    settings:
      default_settings:
        id: config_pages_block
        label: 'ConfigPages Block'
        label_display: '0'
        provider: config_pages
    fallback_metadata:
      slot_definitions: null
label: 'ConfigPages Block'
id: block.config_pages_block
provider: config_pages
source: block
source_local_id: config_pages_block
